<?xml version="1.0" encoding="utf-8"?>
<Project ToolsVersion="4.0" xmlns="http://schemas.microsoft.com/developer/msbuild/2003">
  <ItemGroup>
    <Filter Include="源文件">
      <UniqueIdentifier>{4FC737F1-C7A5-4376-A066-2A32D752A2FF}</UniqueIdentifier>
      <Extensions>cpp;c;cc;cxx;def;odl;idl;hpj;bat;asm;asmx</Extensions>
    </Filter>
    <Filter Include="头文件">
      <UniqueIdentifier>{93995380-89BD-4b04-88EB-625FBE52EBFB}</UniqueIdentifier>
      <Extensions>h;hh;hpp;hxx;hm;inl;inc;ipp;xsd</Extensions>
    </Filter>
    <Filter Include="资源文件">
      <UniqueIdentifier>{67DA6AB6-F800-4c08-8B7A-83BB121AAD01}</UniqueIdentifier>
      <Extensions>rc;ico;cur;bmp;dlg;rc2;rct;bin;rgs;gif;jpg;jpeg;jpe;resx;tiff;tif;png;wav;mfcribbon-ms</Extensions>
    </Filter>
  </ItemGroup>
  <ItemGroup>
    <ClInclude Include="7-5.h">
      <Filter>头文件</Filter>
    </ClInclude>
    <ClInclude Include="7-7.h">
      <Filter>头文件</Filter>
    </ClInclude>
    <ClInclude Include="7-8.h">
      <Filter>头文件</Filter>
    </ClInclude>
    <ClInclude Include="7-8单向不带头不循环.h">
      <Filter>头文件</Filter>
    </ClInclude>
    <ClInclude Include="7-8双向带头循环.h">
      <Filter>头文件</Filter>
    </ClInclude>
    <ClInclude Include="6-29（1）.h">
      <Filter>头文件</Filter>
    </ClInclude>
    <ClInclude Include="6-29(1)SeqList.h">
      <Filter>头文件</Filter>
    </ClInclude>
    <ClInclude Include="6-29（2）.h">
      <Filter>头文件</Filter>
    </ClInclude>
    <ClInclude Include="7-11 链表面试题.h">
      <Filter>头文件</Filter>
    </ClInclude>
    <ClInclude Include="7-11 Stack.h">
      <Filter>头文件</Filter>
    </ClInclude>
    <ClInclude Include="7-11 QueueByList.h">
      <Filter>头文件</Filter>
    </ClInclude>
    <ClInclude Include="7-11 栈队列面试题.h">
      <Filter>头文件</Filter>
    </ClInclude>
    <ClInclude Include="7-14上机.h">
      <Filter>头文件</Filter>
    </ClInclude>
    <ClInclude Include="string\BSTree.h">
      <Filter>头文件</Filter>
    </ClInclude>
  </ItemGroup>
  <ItemGroup>
    <ClCompile Include="6-29 (1）Main.c">
      <Filter>源文件</Filter>
    </ClCompile>
    <ClCompile Include="6-29 （1）SeqList.c">
      <Filter>源文件</Filter>
    </ClCompile>
    <ClCompile Include="6-29(2)Main.c">
      <Filter>源文件</Filter>
    </ClCompile>
    <ClCompile Include="7-11 链表面试题.c">
      <Filter>源文件</Filter>
    </ClCompile>
    <ClCompile Include="7-14上机.c">
      <Filter>源文件</Filter>
    </ClCompile>
    <ClCompile Include="7-14 上机Mian.c">
      <Filter>源文件</Filter>
    </ClCompile>
    <ClCompile Include="string\异常.cpp">
      <Filter>源文件</Filter>
    </ClCompile>
    <ClCompile Include="string\string\智能指针.cpp">
      <Filter>源文件</Filter>
    </ClCompile>
    <ClCompile Include="string\智能指针.cpp">
      <Filter>源文件</Filter>
    </ClCompile>
    <ClCompile Include="string\关联式容器.cpp">
      <Filter>源文件</Filter>
    </ClCompile>
    <ClCompile Include="string\string\AVL.cpp">
      <Filter>源文件</Filter>
    </ClCompile>
  </ItemGroup>
</Project>